
Microsoft Visual Studio Solution File, Format Version 12.00
# Visual Studio Version 16
VisualStudioVersion = 16.0.30225.117
MinimumVisualStudioVersion = 10.0.40219.1
Project("{FAE04EC0-301F-11D3-BF4B-00C04F79EFBC}") = "ConsoleApp2", "ConsoleApp2.csproj", "{1FE581F2-0B9F-4FDE-BE0B-82146254924B}"
EndProject
Global
	GlobalSection(SolutionConfigurationPlatforms) = preSolution
		Debug|Any CPU = Debug|Any CPU
		Release|Any CPU = Release|Any CPU
	EndGlobalSection
	GlobalSection(ProjectConfigurationPlatforms) = postSolution
		{1FE581F2-0B9F-4FDE-BE0B-82146254924B}.Debug|Any CPU.ActiveCfg = Debug|Any CPU
		{1FE581F2-0B9F-4FDE-BE0B-82146254924B}.Debug|Any CPU.Build.0 = Debug|Any CPU
		{1FE581F2-0B9F-4FDE-BE0B-82146254924B}.Release|Any CPU.ActiveCfg = Release|Any CPU
		{1FE581F2-0B9F-4FDE-BE0B-82146254924B}.Release|Any CPU.Build.0 = Release|Any CPU
	EndGlobalSection
	GlobalSection(SolutionProperties) = preSolution
		HideSolutionNode = FALSE
	EndGlobalSection
	GlobalSection(ExtensibilityGlobals) = postSolution
		SolutionGuid = {6360C203-FF91-438D-8926-882E0A67C42B}
	EndGlobalSection
EndGlobal
